// !$*UTF8*$!
{
	archiveVersion = 1;
	classes = {
	};
	objectVersion = 46;
	objects = {

/* Begin PBXBuildFile section */
		61D126C51694C1CC00998B86 /* UIKit.framework in Frameworks */ = {isa = PBXBuildFile; fileRef = 61D126C41694C1CC00998B86 /* UIKit.framework */; };
		61D126C71694C1CC00998B86 /* Foundation.framework in Frameworks */ = {isa = PBXBuildFile; fileRef = 61D126C61694C1CC00998B86 /* Foundation.framework */; };
		61D126C91694C1CC00998B86 /* CoreGraphics.framework in Frameworks */ = {isa = PBXBuildFile; fileRef = 61D126C81694C1CC00998B86 /* CoreGraphics.framework */; };
		61D126CF1694C1CC00998B86 /* InfoPlist.strings in Resources */ = {isa = PBXBuildFile; fileRef = 61D126CD1694C1CC00998B86 /* InfoPlist.strings */; };
		61D126D11694C1CC00998B86 /* main.m in Sources */ = {isa = PBXBuildFile; fileRef = 61D126D01694C1CC00998B86 /* main.m */; };
		61D126D51694C1CC00998B86 /* AppDelegate.m in Sources */ = {isa = PBXBuildFile; fileRef = 61D126D41694C1CC00998B86 /* AppDelegate.m */; };
		61D126D71694C1CC00998B86 /* Default.png in Resources */ = {isa = PBXBuildFile; fileRef = 61D126D61694C1CC00998B86 /* Default.png */; };
		61D126D91694C1CC00998B86 /* Default@2x.png in Resources */ = {isa = PBXBuildFile; fileRef = 61D126D81694C1CC00998B86 /* Default@2x.png */; };
		61D126DB1694C1CC00998B86 /* Default-568h@2x.png in Resources */ = {isa = PBXBuildFile; fileRef = 61D126DA1694C1CC00998B86 /* Default-568h@2x.png */; };
/* End PBXBuildFile section */

/* Begin PBXFileReference section */
		61D126C01694C1CC00998B86 /* JSONBusSample.app */ = {isa = PBXFileReference; explicitFileType = wrapper.application; includeInIndex = 0; path = JSONBusSample.app; sourceTree = BUILT_PRODUCTS_DIR; };
		61D126C41694C1CC00998B86 /* UIKit.framework */ = {isa = PBXFileReference; lastKnownFileType = wrapper.framework; name = UIKit.framework; path = System/Library/Frameworks/UIKit.framework; sourceTree = SDKROOT; };
		61D126C61694C1CC00998B86 /* Foundation.framework */ = {isa = PBXFileReference; lastKnownFileType = wrapper.framework; name = Foundation.framework; path = System/Library/Frameworks/Foundation.framework; sourceTree = SDKROOT; };
		61D126C81694C1CC00998B86 /* CoreGraphics.framework */ = {isa = PBXFileReference; lastKnownFileType = wrapper.framework; name = CoreGraphics.framework; path = System/Library/Frameworks/CoreGraphics.framework; sourceTree = SDKROOT; };
		61D126CC1694C1CC00998B86 /* JSONBusSample-Info.plist */ = {isa = PBXFileReference; lastKnownFileType = text.plist.xml; path = "JSONBusSample-Info.plist"; sourceTree = "<group>"; };
		61D126CE1694C1CC00998B86 /* en */ = {isa = PBXFileReference; lastKnownFileType = text.plist.strings; name = en; path = en.lproj/InfoPlist.strings; sourceTree = "<group>"; };
		61D126D01694C1CC00998B86 /* main.m */ = {isa = PBXFileReference; lastKnownFileType = sourcecode.c.objc; path = main.m; sourceTree = "<group>"; };
		61D126D21694C1CC00998B86 /* JSONBusSample-Prefix.pch */ = {isa = PBXFileReference; lastKnownFileType = sourcecode.c.h; path = "JSONBusSample-Prefix.pch"; sourceTree = "<group>"; };
		61D126D31694C1CC00998B86 /* AppDelegate.h */ = {isa = PBXFileReference; lastKnownFileType = sourcecode.c.h; path = AppDelegate.h; sourceTree = "<group>"; };
		61D126D41694C1CC00998B86 /* AppDelegate.m */ = {isa = PBXFileReference; lastKnownFileType = sourcecode.c.objc; path = AppDelegate.m; sourceTree = "<group>"; };
		61D126D61694C1CC00998B86 /* Default.png */ = {isa = PBXFileReference; lastKnownFileType = image.png; path = Default.png; sourceTree = "<group>"; };
		61D126D81694C1CC00998B86 /* Default@2x.png */ = {isa = PBXFileReference; lastKnownFileType = image.png; path = "Default@2x.png"; sourceTree = "<group>"; };
		61D126DA1694C1CC00998B86 /* Default-568h@2x.png */ = {isa = PBXFileReference; lastKnownFileType = image.png; path = "Default-568h@2x.png"; sourceTree = "<group>"; };
/* End PBXFileReference section */

/* Begin PBXFrameworksBuildPhase section */
		61D126BD1694C1CC00998B86 /* Frameworks */ = {
			isa = PBXFrameworksBuildPhase;
			buildActionMask = 2147483647;
			files = (
				61D126C51694C1CC00998B86 /* UIKit.framework in Frameworks */,
				61D126C71694C1CC00998B86 /* Foundation.framework in Frameworks */,
				61D126C91694C1CC00998B86 /* CoreGraphics.framework in Frameworks */,
			);
			runOnlyForDeploymentPostprocessing = 0;
		};
/* End PBXFrameworksBuildPhase section */

/* Begin PBXGroup section */
		61D126B51694C1CC00998B86 = {
			isa = PBXGroup;
			children = (
				61D126CA1694C1CC00998B86 /* JSONBusSample */,
				61D126C31694C1CC00998B86 /* Frameworks */,
				61D126C11694C1CC00998B86 /* Products */,
			);
			sourceTree = "<group>";
		};
		61D126C11694C1CC00998B86 /* Products */ = {
			isa = PBXGroup;
			children = (
				61D126C01694C1CC00998B86 /* JSONBusSample.app */,
			);
			name = Products;
			sourceTree = "<group>";
		};
		61D126C31694C1CC00998B86 /* Frameworks */ = {
			isa = PBXGroup;
			children = (
				61D126C41694C1CC00998B86 /* UIKit.framework */,
				61D126C61694C1CC00998B86 /* Foundation.framework */,
				61D126C81694C1CC00998B86 /* CoreGraphics.framework */,
			);
			name = Frameworks;
			sourceTree = "<group>";
		};
		61D126CA1694C1CC00998B86 /* JSONBusSample */ = {
			isa = PBXGroup;
			children = (
				61D126D31694C1CC00998B86 /* AppDelegate.h */,
				61D126D41694C1CC00998B86 /* AppDelegate.m */,
				61D126CB1694C1CC00998B86 /* Supporting Files */,
			);
			path = JSONBusSample;
			sourceTree = "<group>";
		};
		61D126CB1694C1CC00998B86 /* Supporting Files */ = {
			isa = PBXGroup;
			children = (
				61D126CC1694C1CC00998B86 /* JSONBusSample-Info.plist */,
				61D126CD1694C1CC00998B86 /* InfoPlist.strings */,
				61D126D01694C1CC00998B86 /* main.m */,
				61D126D21694C1CC00998B86 /* JSONBusSample-Prefix.pch */,
				61D126D61694C1CC00998B86 /* Default.png */,
				61D126D81694C1CC00998B86 /* Default@2x.png */,
				61D126DA1694C1CC00998B86 /* Default-568h@2x.png */,
			);
			name = "Supporting Files";
			sourceTree = "<group>";
		};
/* End PBXGroup section */

/* Begin PBXNativeTarget section */
		61D126BF1694C1CC00998B86 /* JSONBusSample */ = {
			isa = PBXNativeTarget;
			buildConfigurationList = 61D126DE1694C1CC00998B86 /* Build configuration list for PBXNativeTarget "JSONBusSample" */;
			buildPhases = (
				61D126BC1694C1CC00998B86 /* Sources */,
				61D126BD1694C1CC00998B86 /* Frameworks */,
				61D126BE1694C1CC00998B86 /* Resources */,
			);
			buildRules = (
			);
			dependencies = (
			);
			name = JSONBusSample;
			productName = JSONBusSample;
			productReference = 61D126C01694C1CC00998B86 /* JSONBusSample.app */;
			productType = "com.apple.product-type.application";
		};
/* End PBXNativeTarget section */

/* Begin PBXProject section */
		61D126B71694C1CC00998B86 /* Project object */ = {
			isa = PBXProject;
			attributes = {
				LastUpgradeCheck = 0450;
				ORGANIZATIONNAME = JSONBus;
			};
			buildConfigurationList = 61D126BA1694C1CC00998B86 /* Build configuration list for PBXProject "JSONBusSample" */;
			compatibilityVersion = "Xcode 3.2";
			developmentRegion = English;
			hasScannedForEncodings = 0;
			knownRegions = (
				en,
			);
			mainGroup = 61D126B51694C1CC00998B86;
			productRefGroup = 61D126C11694C1CC00998B86 /* Products */;
			projectDirPath = "";
			projectRoot = "";
			targets = (
				61D126BF1694C1CC00998B86 /* JSONBusSample */,
			);
		};
/* End PBXProject section */

/* Begin PBXResourcesBuildPhase section */
		61D126BE1694C1CC00998B86 /* Resources */ = {
			isa = PBXResourcesBuildPhase;
			buildActionMask = 2147483647;
			files = (
				61D126CF1694C1CC00998B86 /* InfoPlist.strings in Resources */,
				61D126D71694C1CC00998B86 /* Default.png in Resources */,
				61D126D91694C1CC00998B86 /* Default@2x.png in Resources */,
				61D126DB1694C1CC00998B86 /* Default-568h@2x.png in Resources */,
			);
			runOnlyForDeploymentPostprocessing = 0;
		};
/* End PBXResourcesBuildPhase section */

/* Begin PBXSourcesBuildPhase section */
		61D126BC1694C1CC00998B86 /* Sources */ = {
			isa = PBXSourcesBuildPhase;
			buildActionMask = 2147483647;
			files = (
				61D126D11694C1CC00998B86 /* main.m in Sources */,
				61D126D51694C1CC00998B86 /* AppDelegate.m in Sources */,
			);
			runOnlyForDeploymentPostprocessing = 0;
		};
/* End PBXSourcesBuildPhase section */

/* Begin PBXVariantGroup section */
		61D126CD1694C1CC00998B86 /* InfoPlist.strings */ = {
			isa = PBXVariantGroup;
			children = (
				61D126CE1694C1CC00998B86 /* en */,
			);
			name = InfoPlist.strings;
			sourceTree = "<group>";
		};
/* End PBXVariantGroup section */

/* Begin XCBuildConfiguration section */
		61D126DC1694C1CC00998B86 /* Debug */ = {
			isa = XCBuildConfiguration;
			buildSettings = {
				ALWAYS_SEARCH_USER_PATHS = NO;
				CLANG_CXX_LANGUAGE_STANDARD = "gnu++0x";
				CLANG_CXX_LIBRARY = "libc++";
				CLANG_WARN_EMPTY_BODY = YES;
				CLANG_WARN__DUPLICATE_METHOD_MATCH = YES;
				"CODE_SIGN_IDENTITY[sdk=iphoneos*]" = "iPhone Developer";
				COPY_PHASE_STRIP = NO;
				GCC_C_LANGUAGE_STANDARD = gnu99;
				GCC_DYNAMIC_NO_PIC = NO;
				GCC_OPTIMIZATION_LEVEL = 0;
				GCC_PREPROCESSOR_DEFINITIONS = (
					"DEBUG=1",
					"$(inherited)",
				);
				GCC_SYMBOLS_PRIVATE_EXTERN = NO;
				GCC_WARN_ABOUT_RETURN_TYPE = YES;
				GCC_WARN_UNINITIALIZED_AUTOS = YES;
				GCC_WARN_UNUSED_VARIABLE = YES;
				IPHONEOS_DEPLOYMENT_TARGET = 6.0;
				ONLY_ACTIVE_ARCH = YES;
				SDKROOT = iphoneos;
			};
			name = Debug;
		};
		61D126DD1694C1CC00998B86 /* Release */ = {
			isa = XCBuildConfiguration;
			buildSettings = {
				ALWAYS_SEARCH_USER_PATHS = NO;
				CLANG_CXX_LANGUAGE_STANDARD = "gnu++0x";
				CLANG_CXX_LIBRARY = "libc++";
				CLANG_WARN_EMPTY_BODY = YES;
				CLANG_WARN__DUPLICATE_METHOD_MATCH = YES;
				"CODE_SIGN_IDENTITY[sdk=iphoneos*]" = "iPhone Developer";
				COPY_PHASE_STRIP = YES;
				GCC_C_LANGUAGE_STANDARD = gnu99;
				GCC_WARN_ABOUT_RETURN_TYPE = YES;
				GCC_WARN_UNINITIALIZED_AUTOS = YES;
				GCC_WARN_UNUSED_VARIABLE = YES;
				IPHONEOS_DEPLOYMENT_TARGET = 6.0;
				OTHER_CFLAGS = "-DNS_BLOCK_ASSERTIONS=1";
				SDKROOT = iphoneos;
				VALIDATE_PRODUCT = YES;
			};
			name = Release;
		};
		61D126DF1694C1CC00998B86 /* Debug */ = {
			isa = XCBuildConfiguration;
			buildSettings = {
				GCC_PRECOMPILE_PREFIX_HEADER = YES;
				GCC_PREFIX_HEADER = "JSONBusSample/JSONBusSample-Prefix.pch";
				INFOPLIST_FILE = "JSONBusSample/JSONBusSample-Info.plist";
				PRODUCT_NAME = "$(TARGET_NAME)";
				WRAPPER_EXTENSION = app;
			};
			name = Debug;
		};
		61D126E01694C1CC00998B86 /* Release */ = {
			isa = XCBuildConfiguration;
			buildSettings = {
				GCC_PRECOMPILE_PREFIX_HEADER = YES;
				GCC_PREFIX_HEADER = "JSONBusSample/JSONBusSample-Prefix.pch";
				INFOPLIST_FILE = "JSONBusSample/JSONBusSample-Info.plist";
				PRODUCT_NAME = "$(TARGET_NAME)";
				WRAPPER_EXTENSION = app;
			};
			name = Release;
		};
/* End XCBuildConfiguration section */

/* Begin XCConfigurationList section */
		61D126BA1694C1CC00998B86 /* Build configuration list for PBXProject "JSONBusSample" */ = {
			isa = XCConfigurationList;
			buildConfigurations = (
				61D126DC1694C1CC00998B86 /* Debug */,
				61D126DD1694C1CC00998B86 /* Release */,
			);
			defaultConfigurationIsVisible = 0;
			defaultConfigurationName = Release;
		};
		61D126DE1694C1CC00998B86 /* Build configuration list for PBXNativeTarget "JSONBusSample" */ = {
			isa = XCConfigurationList;
			buildConfigurations = (
				61D126DF1694C1CC00998B86 /* Debug */,
				61D126E01694C1CC00998B86 /* Release */,
			);
			defaultConfigurationIsVisible = 0;
		};
/* End XCConfigurationList section */
	};
	rootObject = 61D126B71694C1CC00998B86 /* Project object */;
}
